
Microsoft Visual Studio Solution File, Format Version 12.00
# Visual Studio Version 16
VisualStudioVersion = 16.0.31424.327
MinimumVisualStudioVersion = 10.0.40219.1
Project("{FAE04EC0-301F-11D3-BF4B-00C04F79EFBC}") = "TTNCO", "TTNCO\TTNCO.csproj", "{165448E3-5B99-4702-949B-38F8695C7DC3}"
EndProject
Project("{FAE04EC0-301F-11D3-BF4B-00C04F79EFBC}") = "Domain", "Domain\Domain.csproj", "{9E9C85D4-80BE-4AE8-A592-A2FD1A527603}"
EndProject
Project("{FAE04EC0-301F-11D3-BF4B-00C04F79EFBC}") = "Services", "Services\Services.csproj", "{5903A15F-C461-4BE8-B100-6B0F3CC86473}"
EndProject
Project("{FAE04EC0-301F-11D3-BF4B-00C04F79EFBC}") = "DTO", "DTO\DTO.csproj", "{C95A4DCB-A98C-4B1A-843C-D054CA29871C}"
EndProject
Project("{FAE04EC0-301F-11D3-BF4B-00C04F79EFBC}") = "Repository", "Repository\Repository.csproj", "{F012631A-6064-42B1-92C9-38CB6E5847D0}"
EndProject
Project("{FAE04EC0-301F-11D3-BF4B-00C04F79EFBC}") = "Common", "Common\Common.csproj", "{1ECEFFCB-821F-41D7-9089-65E16C550CBB}"
EndProject
Global
	GlobalSection(SolutionConfigurationPlatforms) = preSolution
		Debug|Any CPU = Debug|Any CPU
		Release|Any CPU = Release|Any CPU
	EndGlobalSection
	GlobalSection(ProjectConfigurationPlatforms) = postSolution
		{165448E3-5B99-4702-949B-38F8695C7DC3}.Debug|Any CPU.ActiveCfg = Debug|Any CPU
		{165448E3-5B99-4702-949B-38F8695C7DC3}.Debug|Any CPU.Build.0 = Debug|Any CPU
		{165448E3-5B99-4702-949B-38F8695C7DC3}.Release|Any CPU.ActiveCfg = Release|Any CPU
		{165448E3-5B99-4702-949B-38F8695C7DC3}.Release|Any CPU.Build.0 = Release|Any CPU
		{9E9C85D4-80BE-4AE8-A592-A2FD1A527603}.Debug|Any CPU.ActiveCfg = Debug|Any CPU
		{9E9C85D4-80BE-4AE8-A592-A2FD1A527603}.Debug|Any CPU.Build.0 = Debug|Any CPU
		{9E9C85D4-80BE-4AE8-A592-A2FD1A527603}.Release|Any CPU.ActiveCfg = Release|Any CPU
		{9E9C85D4-80BE-4AE8-A592-A2FD1A527603}.Release|Any CPU.Build.0 = Release|Any CPU
		{5903A15F-C461-4BE8-B100-6B0F3CC86473}.Debug|Any CPU.ActiveCfg = Debug|Any CPU
		{5903A15F-C461-4BE8-B100-6B0F3CC86473}.Debug|Any CPU.Build.0 = Debug|Any CPU
		{5903A15F-C461-4BE8-B100-6B0F3CC86473}.Release|Any CPU.ActiveCfg = Release|Any CPU
		{5903A15F-C461-4BE8-B100-6B0F3CC86473}.Release|Any CPU.Build.0 = Release|Any CPU
		{C95A4DCB-A98C-4B1A-843C-D054CA29871C}.Debug|Any CPU.ActiveCfg = Debug|Any CPU
		{C95A4DCB-A98C-4B1A-843C-D054CA29871C}.Debug|Any CPU.Build.0 = Debug|Any CPU
		{C95A4DCB-A98C-4B1A-843C-D054CA29871C}.Release|Any CPU.ActiveCfg = Release|Any CPU
		{C95A4DCB-A98C-4B1A-843C-D054CA29871C}.Release|Any CPU.Build.0 = Release|Any CPU
		{F012631A-6064-42B1-92C9-38CB6E5847D0}.Debug|Any CPU.ActiveCfg = Debug|Any CPU
		{F012631A-6064-42B1-92C9-38CB6E5847D0}.Debug|Any CPU.Build.0 = Debug|Any CPU
		{F012631A-6064-42B1-92C9-38CB6E5847D0}.Release|Any CPU.ActiveCfg = Release|Any CPU
		{F012631A-6064-42B1-92C9-38CB6E5847D0}.Release|Any CPU.Build.0 = Release|Any CPU
		{1ECEFFCB-821F-41D7-9089-65E16C550CBB}.Debug|Any CPU.ActiveCfg = Debug|Any CPU
		{1ECEFFCB-821F-41D7-9089-65E16C550CBB}.Debug|Any CPU.Build.0 = Debug|Any CPU
		{1ECEFFCB-821F-41D7-9089-65E16C550CBB}.Release|Any CPU.ActiveCfg = Release|Any CPU
		{1ECEFFCB-821F-41D7-9089-65E16C550CBB}.Release|Any CPU.Build.0 = Release|Any CPU
	EndGlobalSection
	GlobalSection(SolutionProperties) = preSolution
		HideSolutionNode = FALSE
	EndGlobalSection
	GlobalSection(ExtensibilityGlobals) = postSolution
		SolutionGuid = {3AE65005-6A2D-4463-97A3-68C9171E9613}
	EndGlobalSection
EndGlobal
